github.com/lucsky/cuid v1.0.2 h1:z4XlExeoderxoPj2/dxKOyPxe9RCOu7yNq9/XWxIUMQ=
github.com/lucsky/cuid v1.0.2/go.mod h1:QaaJqckboimOmhRSJXSx/+IT+VTfxfPGSo/6mfgUfmE=
goji.io v2.0.2+incompatible h1:uIssv/elbKRLznFUy3Xj4+2Mz/qKhek/9aZQDUMae7c=
goji.io v2.0.2+incompatible/go.mod h1:sbqFwrtqZACxLBTQcdgVjFh54yGVCvwq8+w49MVMMIk=
